
Microsoft Visual Studio Solution File, Format Version 12.00
# Visual Studio Version 17
VisualStudioVersion = 17.7.34024.191
MinimumVisualStudioVersion = 10.0.40219.1
Project("{8BC9CEB8-8B4A-11D0-8D11-00A0C91BC942}") = "Day12-Project1", "Day12-Project1\Day12-Project1.vcxproj", "{23BDE9B5-CCDE-4039-973D-03F35B2EDD00}"
EndProject
Global
	GlobalSection(SolutionConfigurationPlatforms) = preSolution
		Debug|x64 = Debug|x64
		Debug|x86 = Debug|x86
		Release|x64 = Release|x64
		Release|x86 = Release|x86
	EndGlobalSection
	GlobalSection(ProjectConfigurationPlatforms) = postSolution
		{23BDE9B5-CCDE-4039-973D-03F35B2EDD00}.Debug|x64.ActiveCfg = Debug|x64
		{23BDE9B5-CCDE-4039-973D-03F35B2EDD00}.Debug|x64.Build.0 = Debug|x64
		{23BDE9B5-CCDE-4039-973D-03F35B2EDD00}.Debug|x86.ActiveCfg = Debug|Win32
		{23BDE9B5-CCDE-4039-973D-03F35B2EDD00}.Debug|x86.Build.0 = Debug|Win32
		{23BDE9B5-CCDE-4039-973D-03F35B2EDD00}.Release|x64.ActiveCfg = Release|x64
		{23BDE9B5-CCDE-4039-973D-03F35B2EDD00}.Release|x64.Build.0 = Release|x64
		{23BDE9B5-CCDE-4039-973D-03F35B2EDD00}.Release|x86.ActiveCfg = Release|Win32
		{23BDE9B5-CCDE-4039-973D-03F35B2EDD00}.Release|x86.Build.0 = Release|Win32
	EndGlobalSection
	GlobalSection(SolutionProperties) = preSolution
		HideSolutionNode = FALSE
	EndGlobalSection
	GlobalSection(ExtensibilityGlobals) = postSolution
		SolutionGuid = {6A9DCA0C-0CEA-412E-A00F-7B4E93D07564}
	EndGlobalSection
EndGlobal
