
Microsoft Visual Studio Solution File, Format Version 12.00
# Visual Studio Version 17
VisualStudioVersion = 17.7.34024.191
MinimumVisualStudioVersion = 10.0.40219.1
Project("{8BC9CEB8-8B4A-11D0-8D11-00A0C91BC942}") = "Day4-Project1", "Day4-Project1\Day4-Project1.vcxproj", "{0500478F-CDD7-4650-BB4A-00B8F960632E}"
EndProject
Global
	GlobalSection(SolutionConfigurationPlatforms) = preSolution
		Debug|x64 = Debug|x64
		Debug|x86 = Debug|x86
		Release|x64 = Release|x64
		Release|x86 = Release|x86
	EndGlobalSection
	GlobalSection(ProjectConfigurationPlatforms) = postSolution
		{0500478F-CDD7-4650-BB4A-00B8F960632E}.Debug|x64.ActiveCfg = Debug|x64
		{0500478F-CDD7-4650-BB4A-00B8F960632E}.Debug|x64.Build.0 = Debug|x64
		{0500478F-CDD7-4650-BB4A-00B8F960632E}.Debug|x86.ActiveCfg = Debug|Win32
		{0500478F-CDD7-4650-BB4A-00B8F960632E}.Debug|x86.Build.0 = Debug|Win32
		{0500478F-CDD7-4650-BB4A-00B8F960632E}.Release|x64.ActiveCfg = Release|x64
		{0500478F-CDD7-4650-BB4A-00B8F960632E}.Release|x64.Build.0 = Release|x64
		{0500478F-CDD7-4650-BB4A-00B8F960632E}.Release|x86.ActiveCfg = Release|Win32
		{0500478F-CDD7-4650-BB4A-00B8F960632E}.Release|x86.Build.0 = Release|Win32
	EndGlobalSection
	GlobalSection(SolutionProperties) = preSolution
		HideSolutionNode = FALSE
	EndGlobalSection
	GlobalSection(ExtensibilityGlobals) = postSolution
		SolutionGuid = {5EDC6CDE-223D-494B-87AB-FAC17B6B1B58}
	EndGlobalSection
EndGlobal
